
Microsoft Visual Studio Solution File, Format Version 12.00
# Visual Studio Version 16
VisualStudioVersion = 16.0.32126.315
MinimumVisualStudioVersion = 10.0.40219.1
Project("{8BC9CEB8-8B4A-11D0-8D11-00A0C91BC942}") = "factorial", "factorial\factorial.vcxproj", "{4B6606DC-17FF-4F4F-BA21-3C75DC57C6E7}"
EndProject
Global
	GlobalSection(SolutionConfigurationPlatforms) = preSolution
		Debug|x64 = Debug|x64
		Debug|x86 = Debug|x86
		Release|x64 = Release|x64
		Release|x86 = Release|x86
	EndGlobalSection
	GlobalSection(ProjectConfigurationPlatforms) = postSolution
		{4B6606DC-17FF-4F4F-BA21-3C75DC57C6E7}.Debug|x64.ActiveCfg = Debug|x64
		{4B6606DC-17FF-4F4F-BA21-3C75DC57C6E7}.Debug|x64.Build.0 = Debug|x64
		{4B6606DC-17FF-4F4F-BA21-3C75DC57C6E7}.Debug|x86.ActiveCfg = Debug|Win32
		{4B6606DC-17FF-4F4F-BA21-3C75DC57C6E7}.Debug|x86.Build.0 = Debug|Win32
		{4B6606DC-17FF-4F4F-BA21-3C75DC57C6E7}.Release|x64.ActiveCfg = Release|x64
		{4B6606DC-17FF-4F4F-BA21-3C75DC57C6E7}.Release|x64.Build.0 = Release|x64
		{4B6606DC-17FF-4F4F-BA21-3C75DC57C6E7}.Release|x86.ActiveCfg = Release|Win32
		{4B6606DC-17FF-4F4F-BA21-3C75DC57C6E7}.Release|x86.Build.0 = Release|Win32
	EndGlobalSection
	GlobalSection(SolutionProperties) = preSolution
		HideSolutionNode = FALSE
	EndGlobalSection
	GlobalSection(ExtensibilityGlobals) = postSolution
		SolutionGuid = {03CCF132-C574-4A39-901E-156A00B50E9F}
	EndGlobalSection
EndGlobal
